Microsoft Visual Studio Solution File, Format Version 12.00
# Visual Studio Version 16
VisualStudioVersion = 16.0.28809.33
MinimumVisualStudioVersion = 10.0.40219.1
Project("{2150E333-8FDC-42A3-9474-1A3956D46DE8}") = "src", "src", "{A8A1A4EE-E04A-43AB-90C9-41E7B82EE1E5}"
EndProject
Project("{2150E333-8FDC-42A3-9474-1A3956D46DE8}") = "misc", "misc", "{1FE0D431-A761-4239-B2D6-D32C70723FD2}"
	ProjectSection(SolutionItems) = preProject
		Directory.build.project.props = Directory.build.project.props
		Directory.build.props = Directory.build.props
		Directory.build.shared.explicit.props = Directory.build.shared.explicit.props
		Directory.build.shared.implicit.props = Directory.build.shared.implicit.props
		Directory.build.shared.mat.props = Directory.build.shared.mat.props
		Directory.build.targets = Directory.build.targets
		GlobalSuppressions.cs = GlobalSuppressions.cs
		nuget.config = nuget.config
		Orc.FluentValidation.sln.DotSettings = Orc.FluentValidation.sln.DotSettings
		SolutionAssemblyInfo.cs = SolutionAssemblyInfo.cs
	EndProjectSection
EndProject
Project("{2150E333-8FDC-42A3-9474-1A3956D46DE8}") = "Core", "Core", "{0787DFC6-AB24-4D00-A8A4-FF203DC7D080}"
EndProject
Project("{2150E333-8FDC-42A3-9474-1A3956D46DE8}") = "Tests", "Tests", "{D3EA1078-BF3D-4709-871C-AAFF70B95045}"
EndProject
Project("{2150E333-8FDC-42A3-9474-1A3956D46DE8}") = "Example", "Example", "{672BFA2E-9F93-496F-B188-40579FB5D301}"
EndProject
Project("{9A19103F-16F7-4668-BE54-9A1E7A4F7556}") = "Orc.FluentValidation", "Orc.FluentValidation\Orc.FluentValidation.csproj", "{B156A72E-C2BB-4967-9A9D-5F4322A2814D}"
EndProject
Project("{D954291E-2A0B-460D-934E-DC6B0785DB48}") = "Orc.FluentValidation.Example.Shared", "Orc.FluentValidation.Example.Shared\Orc.FluentValidation.Example.Shared.shproj", "{7B5851A0-996F-4CA8-AAF0-F8636E33394C}"
EndProject
Project("{9A19103F-16F7-4668-BE54-9A1E7A4F7556}") = "Orc.FluentValidation.Example.NET", "Orc.FluentValidation.Example.NET\Orc.FluentValidation.Example.NET.csproj", "{A9AA730C-D0BA-4364-9513-0922DFCE1204}"
EndProject
Project("{9A19103F-16F7-4668-BE54-9A1E7A4F7556}") = "Orc.FluentValidation.Tests", "Orc.FluentValidation.Tests\Orc.FluentValidation.Tests.csproj", "{4F31D765-6136-45BC-A7A2-9699779B6F3D}"
EndProject
Global
	GlobalSection(SharedMSBuildProjectFiles) = preSolution
		Orc.FluentValidation.Example.Shared\Orc.FluentValidation.Example.Shared.projitems*{7b5851a0-996f-4ca8-aaf0-f8636e33394c}*SharedItemsImports = 13
	EndGlobalSection
	GlobalSection(SolutionConfigurationPlatforms) = preSolution
		Debug|Any CPU = Debug|Any CPU
		Release|Any CPU = Release|Any CPU
	EndGlobalSection
	GlobalSection(ProjectConfigurationPlatforms) = postSolution
		{B156A72E-C2BB-4967-9A9D-5F4322A2814D}.Debug|Any CPU.ActiveCfg = Debug|Any CPU
		{B156A72E-C2BB-4967-9A9D-5F4322A2814D}.Debug|Any CPU.Build.0 = Debug|Any CPU
		{B156A72E-C2BB-4967-9A9D-5F4322A2814D}.Release|Any CPU.ActiveCfg = Release|Any CPU
		{B156A72E-C2BB-4967-9A9D-5F4322A2814D}.Release|Any CPU.Build.0 = Release|Any CPU
		{A9AA730C-D0BA-4364-9513-0922DFCE1204}.Debug|Any CPU.ActiveCfg = Debug|Any CPU
		{A9AA730C-D0BA-4364-9513-0922DFCE1204}.Debug|Any CPU.Build.0 = Debug|Any CPU
		{A9AA730C-D0BA-4364-9513-0922DFCE1204}.Release|Any CPU.ActiveCfg = Release|Any CPU
		{A9AA730C-D0BA-4364-9513-0922DFCE1204}.Release|Any CPU.Build.0 = Release|Any CPU
		{4F31D765-6136-45BC-A7A2-9699779B6F3D}.Debug|Any CPU.ActiveCfg = Debug|Any CPU
		{4F31D765-6136-45BC-A7A2-9699779B6F3D}.Debug|Any CPU.Build.0 = Debug|Any CPU
		{4F31D765-6136-45BC-A7A2-9699779B6F3D}.Release|Any CPU.ActiveCfg = Release|Any CPU
		{4F31D765-6136-45BC-A7A2-9699779B6F3D}.Release|Any CPU.Build.0 = Release|Any CPU
	EndGlobalSection
	GlobalSection(SolutionProperties) = preSolution
		HideSolutionNode = FALSE
	EndGlobalSection
	GlobalSection(NestedProjects) = preSolution
		{0787DFC6-AB24-4D00-A8A4-FF203DC7D080} = {A8A1A4EE-E04A-43AB-90C9-41E7B82EE1E5}
		{D3EA1078-BF3D-4709-871C-AAFF70B95045} = {A8A1A4EE-E04A-43AB-90C9-41E7B82EE1E5}
		{672BFA2E-9F93-496F-B188-40579FB5D301} = {A8A1A4EE-E04A-43AB-90C9-41E7B82EE1E5}
		{B156A72E-C2BB-4967-9A9D-5F4322A2814D} = {0787DFC6-AB24-4D00-A8A4-FF203DC7D080}
		{7B5851A0-996F-4CA8-AAF0-F8636E33394C} = {672BFA2E-9F93-496F-B188-40579FB5D301}
		{A9AA730C-D0BA-4364-9513-0922DFCE1204} = {672BFA2E-9F93-496F-B188-40579FB5D301}
		{4F31D765-6136-45BC-A7A2-9699779B6F3D} = {D3EA1078-BF3D-4709-871C-AAFF70B95045}
	EndGlobalSection
	GlobalSection(ExtensibilityGlobals) = postSolution
		SolutionGuid = {CAB892D4-072B-4291-88A5-E63D59F96765}
	EndGlobalSection
EndGlobal
